# THIS IS AN AUTOGENERATED FILE. DO NOT EDIT THIS FILE DIRECTLY.
# yarn lockfile v1


"@types/graphql@^0.13.1":
  version "0.13.1"
  resolved "https://registry.yarnpkg.com/@types/graphql/-/graphql-0.13.1.tgz#7d39750355c9ecb921816d6f76c080405b5f6bea"

"@types/node@^10.3.0":
  version "10.3.0"
  resolved "https://registry.yarnpkg.com/@types/node/-/node-10.3.0.tgz#078516315a84d56216b5d4fed8f75d59d3b16cac"

"@types/react@^16.3.16":
  version "16.3.16"
  resolved "https://registry.yarnpkg.com/@types/react/-/react-16.3.16.tgz#78fc44a90b45701f50c8a7008f733680ba51fc86"
  dependencies:
    csstype "^2.2.0"

axios@^0.18.0:
  version "0.18.0"
  resolved "https://registry.yarnpkg.com/axios/-/axios-0.18.0.tgz#32d53e4851efdc0a11993b6cd000789d70c05102"
  dependencies:
    follow-redirects "^1.3.0"
    is-buffer "^1.1.5"

csstype@^2.2.0:
  version "2.5.3"
  resolved "https://registry.yarnpkg.com/csstype/-/csstype-2.5.3.tgz#2504152e6e1cc59b32098b7f5d6a63f16294c1f7"

debug@^3.1.0:
  version "3.1.0"
  resolved "https://registry.yarnpkg.com/debug/-/debug-3.1.0.tgz#5bb5a0672628b64149566ba16819e61518c67261"
  dependencies:
    ms "2.0.0"

follow-redirects@^1.3.0:
  version "1.5.0"
  resolved "https://registry.yarnpkg.com/follow-redirects/-/follow-redirects-1.5.0.tgz#234f49cf770b7f35b40e790f636ceba0c3a0ab77"
  dependencies:
    debug "^3.1.0"

graphql@^0.13.2:
  version "0.13.2"
  resolved "https://registry.yarnpkg.com/graphql/-/graphql-0.13.2.tgz#4c740ae3c222823e7004096f832e7b93b2108270"
  dependencies:
    iterall "^1.2.1"

hoist-non-react-statics@^2.5.4:
  version "2.5.4"
  resolved "https://registry.yarnpkg.com/hoist-non-react-statics/-/hoist-non-react-statics-2.5.4.tgz#fc3b1ac05d2ae3abedec84eba846511b0d4fcc4f"

is-buffer@^1.1.5:
  version "1.1.6"
  resolved "https://registry.yarnpkg.com/is-buffer/-/is-buffer-1.1.6.tgz#efaa2ea9daa0d7ab2ea13a97b2b8ad51fefbe8be"

iterall@^1.2.1:
  version "1.2.2"
  resolved "https://registry.yarnpkg.com/iterall/-/iterall-1.2.2.tgz#92d70deb8028e0c39ff3164fdbf4d8b088130cd7"

ms@2.0.0:
  version "2.0.0"
  resolved "https://registry.yarnpkg.com/ms/-/ms-2.0.0.tgz#5608aeadfc00be6c2901df5f9861788de0d597c8"

typescript@^2.9.1:
  version "2.9.1"
  resolved "https://registry.yarnpkg.com/typescript/-/typescript-2.9.1.tgz#fdb19d2c67a15d11995fd15640e373e09ab09961"
